// !$*UTF8*$!
{
	archiveVersion = 1;
	classes = {
	};
	objectVersion = 48;
	objects = {

/* Begin PBXBuildFile section */
		BC8BD22A1FDCEDC600DFD086 /* AppDelegate.swift in Sources */ = {isa = PBXBuildFile; fileRef = BC8BD2291FDCEDC600DFD086 /* AppDelegate.swift */; };
		BC8BD22C1FDCEDC600DFD086 /* ViewController.swift in Sources */ = {isa = PBXBuildFile; fileRef = BC8BD22B1FDCEDC600DFD086 /* ViewController.swift */; };
		BC8BD22F1FDCEDC600DFD086 /* Main.storyboard in Resources */ = {isa = PBXBuildFile; fileRef = BC8BD22D1FDCEDC600DFD086 /* Main.storyboard */; };
		BC8BD2311FDCEDC600DFD086 /* Assets.xcassets in Resources */ = {isa = PBXBuildFile; fileRef = BC8BD2301FDCEDC600DFD086 /* Assets.xcassets */; };
		BC8BD2341FDCEDC600DFD086 /* LaunchScreen.storyboard in Resources */ = {isa = PBXBuildFile; fileRef = BC8BD2321FDCEDC600DFD086 /* LaunchScreen.storyboard */; };
/* End PBXBuildFile section */

/* Begin PBXFileReference section */
		BC8BD2261FDCEDC600DFD086 /* SaveTheKittensExceptTheHairlessones.app */ = {isa = PBXFileReference; explicitFileType = wrapper.application; includeInIndex = 0; path = SaveTheKittensExceptTheHairlessones.app; sourceTree = BUILT_PRODUCTS_DIR; };
		BC8BD2291FDCEDC600DFD086 /* AppDelegate.swift */ = {isa = PBXFileReference; lastKnownFileType = sourcecode.swift; path = AppDelegate.swift; sourceTree = "<group>"; };
		BC8BD22B1FDCEDC600DFD086 /* ViewController.swift */ = {isa = PBXFileReference; lastKnownFileType = sourcecode.swift; path = ViewController.swift; sourceTree = "<group>"; };
		BC8BD22E1FDCEDC600DFD086 /* Base */ = {isa = PBXFileReference; lastKnownFileType = file.storyboard; name = Base; path = Base.lproj/Main.storyboard; sourceTree = "<group>"; };
		BC8BD2301FDCEDC600DFD086 /* Assets.xcassets */ = {isa = PBXFileReference; lastKnownFileType = folder.assetcatalog; path = Assets.xcassets; sourceTree = "<group>"; };
		BC8BD2331FDCEDC600DFD086 /* Base */ = {isa = PBXFileReference; lastKnownFileType = file.storyboard; name = Base; path = Base.lproj/LaunchScreen.storyboard; sourceTree = "<group>"; };
		BC8BD2351FDCEDC600DFD086 /* Info.plist */ = {isa = PBXFileReference; lastKnownFileType = text.plist.xml; path = Info.plist; sourceTree = "<group>"; };
/* End PBXFileReference section */

/* Begin PBXFrameworksBuildPhase section */
		BC8BD2231FDCEDC600DFD086 /* Frameworks */ = {
			isa = PBXFrameworksBuildPhase;
			buildActionMask = 2147483647;
			files = (
			);
			runOnlyForDeploymentPostprocessing = 0;
		};
/* End PBXFrameworksBuildPhase section */

/* Begin PBXGroup section */
		BC8BD21D1FDCEDC600DFD086 = {
			isa = PBXGroup;
			children = (
				BC8BD2281FDCEDC600DFD086 /* SaveTheKittensExceptTheHairlessones */,
				BC8BD2271FDCEDC600DFD086 /* Products */,
			);
			sourceTree = "<group>";
		};
		BC8BD2271FDCEDC600DFD086 /* Products */ = {
			isa = PBXGroup;
			children = (
				BC8BD2261FDCEDC600DFD086 /* SaveTheKittensExceptTheHairlessones.app */,
			);
			name = Products;
			sourceTree = "<group>";
		};
		BC8BD2281FDCEDC600DFD086 /* SaveTheKittensExceptTheHairlessones */ = {
			isa = PBXGroup;
			children = (
				BC8BD2291FDCEDC600DFD086 /* AppDelegate.swift */,
				BC8BD22B1FDCEDC600DFD086 /* ViewController.swift */,
				BC8BD22D1FDCEDC600DFD086 /* Main.storyboard */,
				BC8BD2301FDCEDC600DFD086 /* Assets.xcassets */,
				BC8BD2321FDCEDC600DFD086 /* LaunchScreen.storyboard */,
				BC8BD2351FDCEDC600DFD086 /* Info.plist */,
			);
			path = SaveTheKittensExceptTheHairlessones;
			sourceTree = "<group>";
		};
/* End PBXGroup section */

/* Begin PBXNativeTarget section */
		BC8BD2251FDCEDC600DFD086 /* SaveTheKittensExceptTheHairlessones */ = {
			isa = PBXNativeTarget;
			buildConfigurationList = BC8BD2381FDCEDC600DFD086 /* Build configuration list for PBXNativeTarget "SaveTheKittensExceptTheHairlessones" */;
			buildPhases = (
				BC8BD2221FDCEDC600DFD086 /* Sources */,
				BC8BD2231FDCEDC600DFD086 /* Frameworks */,
				BC8BD2241FDCEDC600DFD086 /* Resources */,
			);
			buildRules = (
			);
			dependencies = (
			);
			name = SaveTheKittensExceptTheHairlessones;
			productName = SaveTheKittensExceptTheHairlessones;
			productReference = BC8BD2261FDCEDC600DFD086 /* SaveTheKittensExceptTheHairlessones.app */;
			productType = "com.apple.product-type.application";
		};
/* End PBXNativeTarget section */

/* Begin PBXProject section */
		BC8BD21E1FDCEDC600DFD086 /* Project object */ = {
			isa = PBXProject;
			attributes = {
				LastSwiftUpdateCheck = 0920;
				LastUpgradeCheck = 0920;
				ORGANIZATIONNAME = "Hayden Owen";
				TargetAttributes = {
					BC8BD2251FDCEDC600DFD086 = {
						CreatedOnToolsVersion = 9.2;
						ProvisioningStyle = Automatic;
					};
				};
			};
			buildConfigurationList = BC8BD2211FDCEDC600DFD086 /* Build configuration list for PBXProject "SaveTheKittensExceptTheHairlessones" */;
			compatibilityVersion = "Xcode 8.0";
			developmentRegion = en;
			hasScannedForEncodings = 0;
			knownRegions = (
				en,
				Base,
			);
			mainGroup = BC8BD21D1FDCEDC600DFD086;
			productRefGroup = BC8BD2271FDCEDC600DFD086 /* Products */;
			projectDirPath = "";
			projectRoot = "";
			targets = (
				BC8BD2251FDCEDC600DFD086 /* SaveTheKittensExceptTheHairlessones */,
			);
		};
/* End PBXProject section */

/* Begin PBXResourcesBuildPhase section */
		BC8BD2241FDCEDC600DFD086 /* Resources */ = {
			isa = PBXResourcesBuildPhase;
			buildActionMask = 2147483647;
			files = (
				BC8BD2341FDCEDC600DFD086 /* LaunchScreen.storyboard in Resources */,
				BC8BD2311FDCEDC600DFD086 /* Assets.xcassets in Resources */,
				BC8BD22F1FDCEDC600DFD086 /* Main.storyboard in Resources */,
			);
			runOnlyForDeploymentPostprocessing = 0;
		};
/* End PBXResourcesBuildPhase section */

/* Begin PBXSourcesBuildPhase section */
		BC8BD2221FDCEDC600DFD086 /* Sources */ = {
			isa = PBXSourcesBuildPhase;
			buildActionMask = 2147483647;
			files = (
				BC8BD22C1FDCEDC600DFD086 /* ViewController.swift in Sources */,
				BC8BD22A1FDCEDC600DFD086 /* AppDelegate.swift in Sources */,
			);
			runOnlyForDeploymentPostprocessing = 0;
		};
/* End PBXSourcesBuildPhase section */

/* Begin PBXVariantGroup section */
		BC8BD22D1FDCEDC600DFD086 /* Main.storyboard */ = {
			isa = PBXVariantGroup;
			children = (
				BC8BD22E1FDCEDC600DFD086 /* Base */,
			);
			name = Main.storyboard;
			sourceTree = "<group>";
		};
		BC8BD2321FDCEDC600DFD086 /* LaunchScreen.storyboard */ = {
			isa = PBXVariantGroup;
			children = (
				BC8BD2331FDCEDC600DFD086 /* Base */,
			);
			name = LaunchScreen.storyboard;
			sourceTree = "<group>";
		};
/* End PBXVariantGroup section */

/* Begin XCBuildConfiguration section */
		BC8BD2361FDCEDC600DFD086 /* Debug */ = {
			isa = XCBuildConfiguration;
			buildSettings = {
				ALWAYS_SEARCH_USER_PATHS = NO;
				CLANG_ANALYZER_NONNULL = YES;
				CLANG_ANALYZER_NUMBER_OBJECT_CONVERSION = YES_AGGRESSIVE;
				CLANG_CXX_LANGUAGE_STANDARD = "gnu++14";
				CLANG_CXX_LIBRARY = "libc++";
				CLANG_ENABLE_MODULES = YES;
				CLANG_ENABLE_OBJC_ARC = YES;
				CLANG_WARN_BLOCK_CAPTURE_AUTORELEASING = YES;
				CLANG_WARN_BOOL_CONVERSION = YES;
				CLANG_WARN_COMMA = YES;
				CLANG_WARN_CONSTANT_CONVERSION = YES;
				CLANG_WARN_DIRECT_OBJC_ISA_USAGE = YES_ERROR;
				CLANG_WARN_DOCUMENTATION_COMMENTS = YES;
				CLANG_WARN_EMPTY_BODY = YES;
				CLANG_WARN_ENUM_CONVERSION = YES;
				CLANG_WARN_INFINITE_RECURSION = YES;
				CLANG_WARN_INT_CONVERSION = YES;
				CLANG_WARN_NON_LITERAL_NULL_CONVERSION = YES;
				CLANG_WARN_OBJC_LITERAL_CONVERSION = YES;
				CLANG_WARN_OBJC_ROOT_CLASS = YES_ERROR;
				CLANG_WARN_RANGE_LOOP_ANALYSIS = YES;
				CLANG_WARN_STRICT_PROTOTYPES = YES;
				CLANG_WARN_SUSPICIOUS_MOVE = YES;
				CLANG_WARN_UNGUARDED_AVAILABILITY = YES_AGGRESSIVE;
				CLANG_WARN_UNREACHABLE_CODE = YES;
				CLANG_WARN__DUPLICATE_METHOD_MATCH = YES;
				CODE_SIGN_IDENTITY = "iPhone Developer";
				COPY_PHASE_STRIP = NO;
				DEBUG_INFORMATION_FORMAT = dwarf;
				ENABLE_STRICT_OBJC_MSGSEND = YES;
				ENABLE_TESTABILITY = YES;
				GCC_C_LANGUAGE_STANDARD = gnu11;
				GCC_DYNAMIC_NO_PIC = NO;
				GCC_NO_COMMON_BLOCKS = YES;
				GCC_OPTIMIZATION_LEVEL = 0;
				GCC_PREPROCESSOR_DEFINITIONS = (
					"DEBUG=1",
					"$(inherited)",
				);
				GCC_WARN_64_TO_32_BIT_CONVERSION = YES;
				GCC_WARN_ABOUT_RETURN_TYPE = YES_ERROR;
				GCC_WARN_UNDECLARED_SELECTOR = YES;
				GCC_WARN_UNINITIALIZED_AUTOS = YES_AGGRESSIVE;
				GCC_WARN_UNUSED_FUNCTION = YES;
				GCC_WARN_UNUSED_VARIABLE = YES;
				IPHONEOS_DEPLOYMENT_TARGET = 11.2;
				MTL_ENABLE_DEBUG_INFO = YES;
				ONLY_ACTIVE_ARCH = YES;
				SDKROOT = iphoneos;
				SWIFT_ACTIVE_COMPILATION_CONDITIONS = DEBUG;
				SWIFT_OPTIMIZATION_LEVEL = "-Onone";
			};
			name = Debug;
		};
		BC8BD2371FDCEDC600DFD086 /* Release */ = {
			isa = XCBuildConfiguration;
			buildSettings = {
				ALWAYS_SEARCH_USER_PATHS = NO;
				CLANG_ANALYZER_NONNULL = YES;
				CLANG_ANALYZER_NUMBER_OBJECT_CONVERSION = YES_AGGRESSIVE;
				CLANG_CXX_LANGUAGE_STANDARD = "gnu++14";
				CLANG_CXX_LIBRARY = "libc++";
				CLANG_ENABLE_MODULES = YES;
				CLANG_ENABLE_OBJC_ARC = YES;
				CLANG_WARN_BLOCK_CAPTURE_AUTORELEASING = YES;
				CLANG_WARN_BOOL_CONVERSION = YES;
				CLANG_WARN_COMMA = YES;
				CLANG_WARN_CONSTANT_CONVERSION = YES;
				CLANG_WARN_DIRECT_OBJC_ISA_USAGE = YES_ERROR;
				CLANG_WARN_DOCUMENTATION_COMMENTS = YES;
				CLANG_WARN_EMPTY_BODY = YES;
				CLANG_WARN_ENUM_CONVERSION = YES;
				CLANG_WARN_INFINITE_RECURSION = YES;
				CLANG_WARN_INT_CONVERSION = YES;
				CLANG_WARN_NON_LITERAL_NULL_CONVERSION = YES;
				CLANG_WARN_OBJC_LITERAL_CONVERSION = YES;
				CLANG_WARN_OBJC_ROOT_CLASS = YES_ERROR;
				CLANG_WARN_RANGE_LOOP_ANALYSIS = YES;
				CLANG_WARN_STRICT_PROTOTYPES = YES;
				CLANG_WARN_SUSPICIOUS_MOVE = YES;
				CLANG_WARN_UNGUARDED_AVAILABILITY = YES_AGGRESSIVE;
				CLANG_WARN_UNREACHABLE_CODE = YES;
				CLANG_WARN__DUPLICATE_METHOD_MATCH = YES;
				CODE_SIGN_IDENTITY = "iPhone Developer";
				COPY_PHASE_STRIP = NO;
				DEBUG_INFORMATION_FORMAT = "dwarf-with-dsym";
				ENABLE_NS_ASSERTIONS = NO;
				ENABLE_STRICT_OBJC_MSGSEND = YES;
				GCC_C_LANGUAGE_STANDARD = gnu11;
				GCC_NO_COMMON_BLOCKS = YES;
				GCC_WARN_64_TO_32_BIT_CONVERSION = YES;
				GCC_WARN_ABOUT_RETURN_TYPE = YES_ERROR;
				GCC_WARN_UNDECLARED_SELECTOR = YES;
				GCC_WARN_UNINITIALIZED_AUTOS = YES_AGGRESSIVE;
				GCC_WARN_UNUSED_FUNCTION = YES;
				GCC_WARN_UNUSED_VARIABLE = YES;
				IPHONEOS_DEPLOYMENT_TARGET = 11.2;
				MTL_ENABLE_DEBUG_INFO = NO;
				SDKROOT = iphoneos;
				SWIFT_OPTIMIZATION_LEVEL = "-Owholemodule";
				VALIDATE_PRODUCT = YES;
			};
			name = Release;
		};
		BC8BD2391FDCEDC600DFD086 /* Debug */ = {
			isa = XCBuildConfiguration;
			buildSettings = {
				ASSETCATALOG_COMPILER_APPICON_NAME = AppIcon;
				CODE_SIGN_STYLE = Automatic;
				INFOPLIST_FILE = SaveTheKittensExceptTheHairlessones/Info.plist;
				LD_RUNPATH_SEARCH_PATHS = "$(inherited) @executable_path/Frameworks";
				PRODUCT_BUNDLE_IDENTIFIER = "Hayden-Owen.SaveTheKittensExceptTheHairlessones";
				PRODUCT_NAME = "$(TARGET_NAME)";
				SWIFT_VERSION = 4.0;
				TARGETED_DEVICE_FAMILY = "1,2";
			};
			name = Debug;
		};
		BC8BD23A1FDCEDC600DFD086 /* Release */ = {
			isa = XCBuildConfiguration;
			buildSettings = {
				ASSETCATALOG_COMPILER_APPICON_NAME = AppIcon;
				CODE_SIGN_STYLE = Automatic;
				INFOPLIST_FILE = SaveTheKittensExceptTheHairlessones/Info.plist;
				LD_RUNPATH_SEARCH_PATHS = "$(inherited) @executable_path/Frameworks";
				PRODUCT_BUNDLE_IDENTIFIER = "Hayden-Owen.SaveTheKittensExceptTheHairlessones";
				PRODUCT_NAME = "$(TARGET_NAME)";
				SWIFT_VERSION = 4.0;
				TARGETED_DEVICE_FAMILY = "1,2";
			};
			name = Release;
		};
/* End XCBuildConfiguration section */

/* Begin XCConfigurationList section */
		BC8BD2211FDCEDC600DFD086 /* Build configuration list for PBXProject "SaveTheKittensExceptTheHairlessones" */ = {
			isa = XCConfigurationList;
			buildConfigurations = (
				BC8BD2361FDCEDC600DFD086 /* Debug */,
				BC8BD2371FDCEDC600DFD086 /* Release */,
			);
			defaultConfigurationIsVisible = 0;
			defaultConfigurationName = Release;
		};
		BC8BD2381FDCEDC600DFD086 /* Build configuration list for PBXNativeTarget "SaveTheKittensExceptTheHairlessones" */ = {
			isa = XCConfigurationList;
			buildConfigurations = (
				BC8BD2391FDCEDC600DFD086 /* Debug */,
				BC8BD23A1FDCEDC600DFD086 /* Release */,
			);
			defaultConfigurationIsVisible = 0;
			defaultConfigurationName = Release;
		};
/* End XCConfigurationList section */
	};
	rootObject = BC8BD21E1FDCEDC600DFD086 /* Project object */;
}
